{
  "name": "parse-audit-log",
  "version": "1.0.0",
  "lockfileVersion": 2,
  "requires": true,
  "packages": {
    "": {
      "name": "parse-audit-log",
      "version": "1.0.0",
      "license": "ISC",
      "devDependencies": {
        "@types/parse": "^3.0.4"
      }
    },
    "node_modules/@types/node": {
      "version": "20.4.9",
      "resolved": "https://registry.npmjs.org/@types/node/-/node-20.4.9.tgz",
      "integrity": "sha512-8e2HYcg7ohnTUbHk8focoklEQYvemQmu9M/f43DZVx43kHn0tE3BY/6gSDxS7k0SprtS0NHvj+L80cGLnoOUcQ==",
      "dev": true
    },
    "node_modules/@types/parse": {
      "version": "3.0.4",
      "resolved": "https://registry.npmjs.org/@types/parse/-/parse-3.0.4.tgz",
      "integrity": "sha512-mma6mfV8CT0+O52ELvZpC951BhNFOHaTzCVRwUfReWGB1gb/VxxiARwhNstOHR4MZDjERASP30Nvaduo2IvJ4w==",
      "dev": true,
      "dependencies": {
        "@types/node": "*"
      }
    }
  },
  "dependencies": {
    "@types/node": {
      "version": "20.4.9",
      "resolved": "https://registry.npmjs.org/@types/node/-/node-20.4.9.tgz",
      "integrity": "sha512-8e2HYcg7ohnTUbHk8focoklEQYvemQmu9M/f43DZVx43kHn0tE3BY/6gSDxS7k0SprtS0NHvj+L80cGLnoOUcQ==",
      "dev": true
    },
    "@types/parse": {
      "version": "3.0.4",
      "resolved": "https://registry.npmjs.org/@types/parse/-/parse-3.0.4.tgz",
      "integrity": "sha512-mma6mfV8CT0+O52ELvZpC951BhNFOHaTzCVRwUfReWGB1gb/VxxiARwhNstOHR4MZDjERASP30Nvaduo2IvJ4w==",
      "dev": true,
      "requires": {
        "@types/node": "*"
      }
    }
  }
}
