{
  "name": "parse-audit-log",
  "version": "1.0.0",
  "lockfileVersion": 2,
  "requires": true,
  "packages": {
    "": {
      "name": "parse-audit-log",
      "version": "1.0.0",
      "license": "ISC",
      "devDependencies": {
        "@types/parse": "^3.0.4",
        "typescript": "^5.2.2"
      }
    },
    "node_modules/@types/node": {
      "version": "20.4.9",
      "resolved": "https://registry.npmjs.org/@types/node/-/node-20.4.9.tgz",
      "integrity": "sha512-8e2HYcg7ohnTUbHk8focoklEQYvemQmu9M/f43DZVx43kHn0tE3BY/6gSDxS7k0SprtS0NHvj+L80cGLnoOUcQ==",
      "dev": true
    },
    "node_modules/@types/parse": {
      "version": "3.0.4",
      "resolved": "https://registry.npmjs.org/@types/parse/-/parse-3.0.4.tgz",
      "integrity": "sha512-mma6mfV8CT0+O52ELvZpC951BhNFOHaTzCVRwUfReWGB1gb/VxxiARwhNstOHR4MZDjERASP30Nvaduo2IvJ4w==",
      "dev": true,
      "dependencies": {
        "@types/node": "*"
      }
    },
    "node_modules/typescript": {
      "version": "5.2.2",
      "resolved": "https://registry.npmjs.org/typescript/-/typescript-5.2.2.tgz",
      "integrity": "sha512-mI4WrpHsbCIcwT9cF4FZvr80QUeKvsUsUvKDoR+X/7XHQH98xYD8YHZg7ANtz2GtZt/CBq2QJ0thkGJMHfqc1w==",
      "dev": true,
      "bin": {
        "tsc": "bin/tsc",
        "tsserver": "bin/tsserver"
      },
      "engines": {
        "node": ">=14.17"
      }
    }
  },
  "dependencies": {
    "@types/node": {
      "version": "20.4.9",
      "resolved": "https://registry.npmjs.org/@types/node/-/node-20.4.9.tgz",
      "integrity": "sha512-8e2HYcg7ohnTUbHk8focoklEQYvemQmu9M/f43DZVx43kHn0tE3BY/6gSDxS7k0SprtS0NHvj+L80cGLnoOUcQ==",
      "dev": true
    },
    "@types/parse": {
      "version": "3.0.4",
      "resolved": "https://registry.npmjs.org/@types/parse/-/parse-3.0.4.tgz",
      "integrity": "sha512-mma6mfV8CT0+O52ELvZpC951BhNFOHaTzCVRwUfReWGB1gb/VxxiARwhNstOHR4MZDjERASP30Nvaduo2IvJ4w==",
      "dev": true,
      "requires": {
        "@types/node": "*"
      }
    },
    "typescript": {
      "version": "5.2.2",
      "resolved": "https://registry.npmjs.org/typescript/-/typescript-5.2.2.tgz",
      "integrity": "sha512-mI4WrpHsbCIcwT9cF4FZvr80QUeKvsUsUvKDoR+X/7XHQH98xYD8YHZg7ANtz2GtZt/CBq2QJ0thkGJMHfqc1w==",
      "dev": true
    }
  }
}
